# This file is automatically @generated by Cargo.
# It is not intended for manual editing.
version = 3

[[package]]
name = "bendy2d"
version = "0.1.0"
dependencies = [
 "vector2d",
]

[[package]]
name = "proc_vector2d"
version = "1.0.2"
source = "registry+https://github.com/rust-lang/crates.io-index"
checksum = "42ecc0faae16de3ca772d9083ce96872ab6758767deb1efb46e954dfc1d98342"

[[package]]
name = "vector2d"
version = "2.2.0"
source = "registry+https://github.com/rust-lang/crates.io-index"
checksum = "b0ec481eac35d50b7544c58613da9f823561612b0221e67bdf04823b4c6e1358"
dependencies = [
 "proc_vector2d",
]
